// !$*UTF8*$!
{
	archiveVersion = 1;
	classes = {
	};
	objectVersion = 55;
	objects = {

/* Begin PBXBuildFile section */
		A5CF0BCA29312F8D005F5B62 /* AppDelegate.swift in Sources */ = {isa = PBXBuildFile; fileRef = A5CF0BC929312F8D005F5B62 /* AppDelegate.swift */; };
		A5CF0BCC29312F8D005F5B62 /* SceneDelegate.swift in Sources */ = {isa = PBXBuildFile; fileRef = A5CF0BCB29312F8D005F5B62 /* SceneDelegate.swift */; };
		A5CF0BCE29312F8D005F5B62 /* ViewController.swift in Sources */ = {isa = PBXBuildFile; fileRef = A5CF0BCD29312F8D005F5B62 /* ViewController.swift */; };
		A5CF0BD329312F8E005F5B62 /* Assets.xcassets in Resources */ = {isa = PBXBuildFile; fileRef = A5CF0BD229312F8E005F5B62 /* Assets.xcassets */; };
		A5CF0BD629312F8E005F5B62 /* LaunchScreen.storyboard in Resources */ = {isa = PBXBuildFile; fileRef = A5CF0BD429312F8E005F5B62 /* LaunchScreen.storyboard */; };
		A5CF0BE129313519005F5B62 /* LoginViewController.swift in Sources */ = {isa = PBXBuildFile; fileRef = A5CF0BDF29313519005F5B62 /* LoginViewController.swift */; };
		A5CF0BE229313519005F5B62 /* LoginViewController.xib in Resources */ = {isa = PBXBuildFile; fileRef = A5CF0BE029313519005F5B62 /* LoginViewController.xib */; };
		A5CF0BE5293142C6005F5B62 /* Extension+UIFont.swift in Sources */ = {isa = PBXBuildFile; fileRef = A5CF0BE4293142C6005F5B62 /* Extension+UIFont.swift */; };
		A5CF0BF02931D1F2005F5B62 /* RegisterViewController.swift in Sources */ = {isa = PBXBuildFile; fileRef = A5CF0BEE2931D1F2005F5B62 /* RegisterViewController.swift */; };
		A5CF0BF12931D1F2005F5B62 /* RegisterViewController.xib in Resources */ = {isa = PBXBuildFile; fileRef = A5CF0BEF2931D1F2005F5B62 /* RegisterViewController.xib */; };
		A5CF0BF22931DEFC005F5B62 /* GraphikRegular.otf in Resources */ = {isa = PBXBuildFile; fileRef = A5CF0BEA2931431B005F5B62 /* GraphikRegular.otf */; };
		A5CF0BF32931DEFC005F5B62 /* MonumentExtended-Ultrabold.otf in Resources */ = {isa = PBXBuildFile; fileRef = A5CF0BE82931431B005F5B62 /* MonumentExtended-Ultrabold.otf */; };
		A5CF0BF42931DEFC005F5B62 /* MonumentExtended-Regular.otf in Resources */ = {isa = PBXBuildFile; fileRef = A5CF0BEB2931431B005F5B62 /* MonumentExtended-Regular.otf */; };
		A5CF0BF52931DEFC005F5B62 /* TuskerGrotesk-3600Semibold.ttf in Resources */ = {isa = PBXBuildFile; fileRef = A5CF0BEC2931431B005F5B62 /* TuskerGrotesk-3600Semibold.ttf */; };
		A5CF0BF62931DEFC005F5B62 /* GraphikMedium.otf in Resources */ = {isa = PBXBuildFile; fileRef = A5CF0BE92931431B005F5B62 /* GraphikMedium.otf */; };
		A5CF0BFA2931DFF1005F5B62 /* SubscriptionViewController.swift in Sources */ = {isa = PBXBuildFile; fileRef = A5CF0BF82931DFF1005F5B62 /* SubscriptionViewController.swift */; };
		A5CF0BFB2931DFF1005F5B62 /* SubscriptionViewController.xib in Resources */ = {isa = PBXBuildFile; fileRef = A5CF0BF92931DFF1005F5B62 /* SubscriptionViewController.xib */; };
		A5CF0BFF293215F2005F5B62 /* Subscription.swift in Sources */ = {isa = PBXBuildFile; fileRef = A5CF0BFE293215F2005F5B62 /* Subscription.swift */; };
		A5CF0C0329321888005F5B62 /* subscriptionTableViewCell.swift in Sources */ = {isa = PBXBuildFile; fileRef = A5CF0C0129321888005F5B62 /* subscriptionTableViewCell.swift */; };
		A5CF0C0429321888005F5B62 /* subscriptionTableViewCell.xib in Resources */ = {isa = PBXBuildFile; fileRef = A5CF0C0229321888005F5B62 /* subscriptionTableViewCell.xib */; };
		A5CF0C0629322088005F5B62 /* Graphik-Semibold-Trial.otf in Resources */ = {isa = PBXBuildFile; fileRef = A5CF0C0529322088005F5B62 /* Graphik-Semibold-Trial.otf */; };
		A5CF0C0829322099005F5B62 /* Graphik-Regular-Trial.otf in Resources */ = {isa = PBXBuildFile; fileRef = A5CF0C0729322099005F5B62 /* Graphik-Regular-Trial.otf */; };
		A5D8690429322F2B00D52578 /* SubscribedViewController.swift in Sources */ = {isa = PBXBuildFile; fileRef = A5D8690229322F2B00D52578 /* SubscribedViewController.swift */; };
		A5D8690529322F2B00D52578 /* SubscribedViewController.xib in Resources */ = {isa = PBXBuildFile; fileRef = A5D8690329322F2B00D52578 /* SubscribedViewController.xib */; };
		C368BFEBC3B1B3FEE53631B0 /* Pods_absavage_ios.framework in Frameworks */ = {isa = PBXBuildFile; fileRef = 5576AB82F76AD8FE38DEA572 /* Pods_absavage_ios.framework */; };
/* End PBXBuildFile section */

/* Begin PBXFileReference section */
		34A7C5ABF14FA145637749AB /* Pods-absavage-ios.debug.xcconfig */ = {isa = PBXFileReference; includeInIndex = 1; lastKnownFileType = text.xcconfig; name = "Pods-absavage-ios.debug.xcconfig"; path = "Target Support Files/Pods-absavage-ios/Pods-absavage-ios.debug.xcconfig"; sourceTree = "<group>"; };
		5576AB82F76AD8FE38DEA572 /* Pods_absavage_ios.framework */ = {isa = PBXFileReference; explicitFileType = wrapper.framework; includeInIndex = 0; path = Pods_absavage_ios.framework; sourceTree = BUILT_PRODUCTS_DIR; };
		618C074AE9614301C443998A /* Pods-absavage-ios.release.xcconfig */ = {isa = PBXFileReference; includeInIndex = 1; lastKnownFileType = text.xcconfig; name = "Pods-absavage-ios.release.xcconfig"; path = "Target Support Files/Pods-absavage-ios/Pods-absavage-ios.release.xcconfig"; sourceTree = "<group>"; };
		A5CF0BC629312F8D005F5B62 /* absavage-ios.app */ = {isa = PBXFileReference; explicitFileType = wrapper.application; includeInIndex = 0; path = "absavage-ios.app"; sourceTree = BUILT_PRODUCTS_DIR; };
		A5CF0BC929312F8D005F5B62 /* AppDelegate.swift */ = {isa = PBXFileReference; lastKnownFileType = sourcecode.swift; path = AppDelegate.swift; sourceTree = "<group>"; };
		A5CF0BCB29312F8D005F5B62 /* SceneDelegate.swift */ = {isa = PBXFileReference; lastKnownFileType = sourcecode.swift; path = SceneDelegate.swift; sourceTree = "<group>"; };
		A5CF0BCD29312F8D005F5B62 /* ViewController.swift */ = {isa = PBXFileReference; lastKnownFileType = sourcecode.swift; path = ViewController.swift; sourceTree = "<group>"; };
		A5CF0BD229312F8E005F5B62 /* Assets.xcassets */ = {isa = PBXFileReference; lastKnownFileType = folder.assetcatalog; path = Assets.xcassets; sourceTree = "<group>"; };
		A5CF0BD529312F8E005F5B62 /* Base */ = {isa = PBXFileReference; lastKnownFileType = file.storyboard; name = Base; path = Base.lproj/LaunchScreen.storyboard; sourceTree = "<group>"; };
		A5CF0BD729312F8E005F5B62 /* Info.plist */ = {isa = PBXFileReference; lastKnownFileType = text.plist.xml; path = Info.plist; sourceTree = "<group>"; };
		A5CF0BDF29313519005F5B62 /* LoginViewController.swift */ = {isa = PBXFileReference; lastKnownFileType = sourcecode.swift; path = LoginViewController.swift; sourceTree = "<group>"; };
		A5CF0BE029313519005F5B62 /* LoginViewController.xib */ = {isa = PBXFileReference; lastKnownFileType = file.xib; path = LoginViewController.xib; sourceTree = "<group>"; };
		A5CF0BE4293142C6005F5B62 /* Extension+UIFont.swift */ = {isa = PBXFileReference; lastKnownFileType = sourcecode.swift; path = "Extension+UIFont.swift"; sourceTree = "<group>"; };
		A5CF0BE82931431B005F5B62 /* MonumentExtended-Ultrabold.otf */ = {isa = PBXFileReference; lastKnownFileType = file; path = "MonumentExtended-Ultrabold.otf"; sourceTree = "<group>"; };
		A5CF0BE92931431B005F5B62 /* GraphikMedium.otf */ = {isa = PBXFileReference; lastKnownFileType = file; path = GraphikMedium.otf; sourceTree = "<group>"; };
		A5CF0BEA2931431B005F5B62 /* GraphikRegular.otf */ = {isa = PBXFileReference; lastKnownFileType = file; path = GraphikRegular.otf; sourceTree = "<group>"; };
		A5CF0BEB2931431B005F5B62 /* MonumentExtended-Regular.otf */ = {isa = PBXFileReference; lastKnownFileType = file; path = "MonumentExtended-Regular.otf"; sourceTree = "<group>"; };
		A5CF0BEC2931431B005F5B62 /* TuskerGrotesk-3600Semibold.ttf */ = {isa = PBXFileReference; lastKnownFileType = file; path = "TuskerGrotesk-3600Semibold.ttf"; sourceTree = "<group>"; };
		A5CF0BEE2931D1F2005F5B62 /* RegisterViewController.swift */ = {isa = PBXFileReference; lastKnownFileType = sourcecode.swift; path = RegisterViewController.swift; sourceTree = "<group>"; };
		A5CF0BEF2931D1F2005F5B62 /* RegisterViewController.xib */ = {isa = PBXFileReference; lastKnownFileType = file.xib; path = RegisterViewController.xib; sourceTree = "<group>"; };
		A5CF0BF82931DFF1005F5B62 /* SubscriptionViewController.swift */ = {isa = PBXFileReference; lastKnownFileType = sourcecode.swift; path = SubscriptionViewController.swift; sourceTree = "<group>"; };
		A5CF0BF92931DFF1005F5B62 /* SubscriptionViewController.xib */ = {isa = PBXFileReference; lastKnownFileType = file.xib; path = SubscriptionViewController.xib; sourceTree = "<group>"; };
		A5CF0BFE293215F2005F5B62 /* Subscription.swift */ = {isa = PBXFileReference; lastKnownFileType = sourcecode.swift; path = Subscription.swift; sourceTree = "<group>"; };
		A5CF0C0129321888005F5B62 /* subscriptionTableViewCell.swift */ = {isa = PBXFileReference; lastKnownFileType = sourcecode.swift; path = subscriptionTableViewCell.swift; sourceTree = "<group>"; };
		A5CF0C0229321888005F5B62 /* subscriptionTableViewCell.xib */ = {isa = PBXFileReference; lastKnownFileType = file.xib; path = subscriptionTableViewCell.xib; sourceTree = "<group>"; };
		A5CF0C0529322088005F5B62 /* Graphik-Semibold-Trial.otf */ = {isa = PBXFileReference; lastKnownFileType = file; path = "Graphik-Semibold-Trial.otf"; sourceTree = "<group>"; };
		A5CF0C0729322099005F5B62 /* Graphik-Regular-Trial.otf */ = {isa = PBXFileReference; lastKnownFileType = file; path = "Graphik-Regular-Trial.otf"; sourceTree = "<group>"; };
		A5D8690229322F2B00D52578 /* SubscribedViewController.swift */ = {isa = PBXFileReference; lastKnownFileType = sourcecode.swift; path = SubscribedViewController.swift; sourceTree = "<group>"; };
		A5D8690329322F2B00D52578 /* SubscribedViewController.xib */ = {isa = PBXFileReference; lastKnownFileType = file.xib; path = SubscribedViewController.xib; sourceTree = "<group>"; };
/* End PBXFileReference section */

/* Begin PBXFrameworksBuildPhase section */
		A5CF0BC329312F8D005F5B62 /* Frameworks */ = {
			isa = PBXFrameworksBuildPhase;
			buildActionMask = 2147483647;
			files = (
				C368BFEBC3B1B3FEE53631B0 /* Pods_absavage_ios.framework in Frameworks */,
			);
			runOnlyForDeploymentPostprocessing = 0;
		};
/* End PBXFrameworksBuildPhase section */

/* Begin PBXGroup section */
		22638F90E7E2E3FE0F11F525 /* Pods */ = {
			isa = PBXGroup;
			children = (
				34A7C5ABF14FA145637749AB /* Pods-absavage-ios.debug.xcconfig */,
				618C074AE9614301C443998A /* Pods-absavage-ios.release.xcconfig */,
			);
			name = Pods;
			path = Pods;
			sourceTree = "<group>";
		};
		588981A57C716D0841388C69 /* Frameworks */ = {
			isa = PBXGroup;
			children = (
				5576AB82F76AD8FE38DEA572 /* Pods_absavage_ios.framework */,
			);
			name = Frameworks;
			sourceTree = "<group>";
		};
		A5CF0BBD29312F8D005F5B62 = {
			isa = PBXGroup;
			children = (
				A5CF0BC829312F8D005F5B62 /* absavage-ios */,
				A5CF0BC729312F8D005F5B62 /* Products */,
				22638F90E7E2E3FE0F11F525 /* Pods */,
				588981A57C716D0841388C69 /* Frameworks */,
			);
			sourceTree = "<group>";
		};
		A5CF0BC729312F8D005F5B62 /* Products */ = {
			isa = PBXGroup;
			children = (
				A5CF0BC629312F8D005F5B62 /* absavage-ios.app */,
			);
			name = Products;
			sourceTree = "<group>";
		};
		A5CF0BC829312F8D005F5B62 /* absavage-ios */ = {
			isa = PBXGroup;
			children = (
				A5CF0BFC293215D8005F5B62 /* Models */,
				A5CF0BE629314305005F5B62 /* Resources */,
				A5CF0BE3293142B3005F5B62 /* Extensions */,
				A5CF0BDD2931348D005F5B62 /* Screens */,
				A5CF0BC929312F8D005F5B62 /* AppDelegate.swift */,
				A5CF0BCB29312F8D005F5B62 /* SceneDelegate.swift */,
				A5CF0BCD29312F8D005F5B62 /* ViewController.swift */,
				A5CF0BD229312F8E005F5B62 /* Assets.xcassets */,
				A5CF0BD429312F8E005F5B62 /* LaunchScreen.storyboard */,
				A5CF0BD729312F8E005F5B62 /* Info.plist */,
			);
			path = "absavage-ios";
			sourceTree = "<group>";
		};
		A5CF0BDD2931348D005F5B62 /* Screens */ = {
			isa = PBXGroup;
			children = (
				A5D8690129322F1500D52578 /* Subscribed */,
				A5CF0BF72931DFDA005F5B62 /* Subscription */,
				A5CF0BED2931D1DF005F5B62 /* Register */,
				A5CF0BDE2931349B005F5B62 /* Login */,
			);
			path = Screens;
			sourceTree = "<group>";
		};
		A5CF0BDE2931349B005F5B62 /* Login */ = {
			isa = PBXGroup;
			children = (
				A5CF0BDF29313519005F5B62 /* LoginViewController.swift */,
				A5CF0BE029313519005F5B62 /* LoginViewController.xib */,
			);
			path = Login;
			sourceTree = "<group>";
		};
		A5CF0BE3293142B3005F5B62 /* Extensions */ = {
			isa = PBXGroup;
			children = (
				A5CF0BE4293142C6005F5B62 /* Extension+UIFont.swift */,
			);
			path = Extensions;
			sourceTree = "<group>";
		};
		A5CF0BE629314305005F5B62 /* Resources */ = {
			isa = PBXGroup;
			children = (
				A5CF0BE72931430C005F5B62 /* CustomFonts */,
			);
			path = Resources;
			sourceTree = "<group>";
		};
		A5CF0BE72931430C005F5B62 /* CustomFonts */ = {
			isa = PBXGroup;
			children = (
				A5CF0BE92931431B005F5B62 /* GraphikMedium.otf */,
				A5CF0C0729322099005F5B62 /* Graphik-Regular-Trial.otf */,
				A5CF0BEA2931431B005F5B62 /* GraphikRegular.otf */,
				A5CF0C0529322088005F5B62 /* Graphik-Semibold-Trial.otf */,
				A5CF0BEB2931431B005F5B62 /* MonumentExtended-Regular.otf */,
				A5CF0BE82931431B005F5B62 /* MonumentExtended-Ultrabold.otf */,
				A5CF0BEC2931431B005F5B62 /* TuskerGrotesk-3600Semibold.ttf */,
			);
			path = CustomFonts;
			sourceTree = "<group>";
		};
		A5CF0BED2931D1DF005F5B62 /* Register */ = {
			isa = PBXGroup;
			children = (
				A5CF0BEE2931D1F2005F5B62 /* RegisterViewController.swift */,
				A5CF0BEF2931D1F2005F5B62 /* RegisterViewController.xib */,
			);
			path = Register;
			sourceTree = "<group>";
		};
		A5CF0BF72931DFDA005F5B62 /* Subscription */ = {
			isa = PBXGroup;
			children = (
				A5CF0C0029321866005F5B62 /* TableViewCells */,
				A5CF0BF82931DFF1005F5B62 /* SubscriptionViewController.swift */,
				A5CF0BF92931DFF1005F5B62 /* SubscriptionViewController.xib */,
			);
			path = Subscription;
			sourceTree = "<group>";
		};
		A5CF0BFC293215D8005F5B62 /* Models */ = {
			isa = PBXGroup;
			children = (
				A5CF0BFD293215DF005F5B62 /* Enums */,
			);
			path = Models;
			sourceTree = "<group>";
		};
		A5CF0BFD293215DF005F5B62 /* Enums */ = {
			isa = PBXGroup;
			children = (
				A5CF0BFE293215F2005F5B62 /* Subscription.swift */,
			);
			path = Enums;
			sourceTree = "<group>";
		};
		A5CF0C0029321866005F5B62 /* TableViewCells */ = {
			isa = PBXGroup;
			children = (
				A5CF0C0129321888005F5B62 /* subscriptionTableViewCell.swift */,
				A5CF0C0229321888005F5B62 /* subscriptionTableViewCell.xib */,
			);
			path = TableViewCells;
			sourceTree = "<group>";
		};
		A5D8690129322F1500D52578 /* Subscribed */ = {
			isa = PBXGroup;
			children = (
				A5D8690229322F2B00D52578 /* SubscribedViewController.swift */,
				A5D8690329322F2B00D52578 /* SubscribedViewController.xib */,
			);
			path = Subscribed;
			sourceTree = "<group>";
		};
/* End PBXGroup section */

/* Begin PBXNativeTarget section */
		A5CF0BC529312F8D005F5B62 /* absavage-ios */ = {
			isa = PBXNativeTarget;
			buildConfigurationList = A5CF0BDA29312F8E005F5B62 /* Build configuration list for PBXNativeTarget "absavage-ios" */;
			buildPhases = (
				1C1CE361569AB28932FBDFB3 /* [CP] Check Pods Manifest.lock */,
				A5CF0BC229312F8D005F5B62 /* Sources */,
				A5CF0BC329312F8D005F5B62 /* Frameworks */,
				A5CF0BC429312F8D005F5B62 /* Resources */,
				D6106D54CDA7A2A93B4D0B3A /* [CP] Embed Pods Frameworks */,
			);
			buildRules = (
			);
			dependencies = (
			);
			name = "absavage-ios";
			productName = "absavage-ios";
			productReference = A5CF0BC629312F8D005F5B62 /* absavage-ios.app */;
			productType = "com.apple.product-type.application";
		};
/* End PBXNativeTarget section */

/* Begin PBXProject section */
		A5CF0BBE29312F8D005F5B62 /* Project object */ = {
			isa = PBXProject;
			attributes = {
				BuildIndependentTargetsInParallel = 1;
				LastSwiftUpdateCheck = 1340;
				LastUpgradeCheck = 1340;
				TargetAttributes = {
					A5CF0BC529312F8D005F5B62 = {
						CreatedOnToolsVersion = 13.4.1;
					};
				};
			};
			buildConfigurationList = A5CF0BC129312F8D005F5B62 /* Build configuration list for PBXProject "absavage-ios" */;
			compatibilityVersion = "Xcode 13.0";
			developmentRegion = en;
			hasScannedForEncodings = 0;
			knownRegions = (
				en,
				Base,
			);
			mainGroup = A5CF0BBD29312F8D005F5B62;
			productRefGroup = A5CF0BC729312F8D005F5B62 /* Products */;
			projectDirPath = "";
			projectRoot = "";
			targets = (
				A5CF0BC529312F8D005F5B62 /* absavage-ios */,
			);
		};
/* End PBXProject section */

/* Begin PBXResourcesBuildPhase section */
		A5CF0BC429312F8D005F5B62 /* Resources */ = {
			isa = PBXResourcesBuildPhase;
			buildActionMask = 2147483647;
			files = (
				A5D8690529322F2B00D52578 /* SubscribedViewController.xib in Resources */,
				A5CF0C0629322088005F5B62 /* Graphik-Semibold-Trial.otf in Resources */,
				A5CF0BD629312F8E005F5B62 /* LaunchScreen.storyboard in Resources */,
				A5CF0BF32931DEFC005F5B62 /* MonumentExtended-Ultrabold.otf in Resources */,
				A5CF0BF62931DEFC005F5B62 /* GraphikMedium.otf in Resources */,
				A5CF0BF22931DEFC005F5B62 /* GraphikRegular.otf in Resources */,
				A5CF0BD329312F8E005F5B62 /* Assets.xcassets in Resources */,
				A5CF0BF52931DEFC005F5B62 /* TuskerGrotesk-3600Semibold.ttf in Resources */,
				A5CF0BE229313519005F5B62 /* LoginViewController.xib in Resources */,
				A5CF0C0429321888005F5B62 /* subscriptionTableViewCell.xib in Resources */,
				A5CF0BFB2931DFF1005F5B62 /* SubscriptionViewController.xib in Resources */,
				A5CF0BF42931DEFC005F5B62 /* MonumentExtended-Regular.otf in Resources */,
				A5CF0C0829322099005F5B62 /* Graphik-Regular-Trial.otf in Resources */,
				A5CF0BF12931D1F2005F5B62 /* RegisterViewController.xib in Resources */,
			);
			runOnlyForDeploymentPostprocessing = 0;
		};
/* End PBXResourcesBuildPhase section */

/* Begin PBXShellScriptBuildPhase section */
		1C1CE361569AB28932FBDFB3 /* [CP] Check Pods Manifest.lock */ = {
			isa = PBXShellScriptBuildPhase;
			buildActionMask = 2147483647;
			files = (
			);
			inputFileListPaths = (
			);
			inputPaths = (
				"${PODS_PODFILE_DIR_PATH}/Podfile.lock",
				"${PODS_ROOT}/Manifest.lock",
			);
			name = "[CP] Check Pods Manifest.lock";
			outputFileListPaths = (
			);
			outputPaths = (
				"$(DERIVED_FILE_DIR)/Pods-absavage-ios-checkManifestLockResult.txt",
			);
			runOnlyForDeploymentPostprocessing = 0;
			shellPath = /bin/sh;
			shellScript = "diff \"${PODS_PODFILE_DIR_PATH}/Podfile.lock\" \"${PODS_ROOT}/Manifest.lock\" > /dev/null\nif [ $? != 0 ] ; then\n    # print error to STDERR\n    echo \"error: The sandbox is not in sync with the Podfile.lock. Run 'pod install' or update your CocoaPods installation.\" >&2\n    exit 1\nfi\n# This output is used by Xcode 'outputs' to avoid re-running this script phase.\necho \"SUCCESS\" > \"${SCRIPT_OUTPUT_FILE_0}\"\n";
			showEnvVarsInLog = 0;
		};
		D6106D54CDA7A2A93B4D0B3A /* [CP] Embed Pods Frameworks */ = {
			isa = PBXShellScriptBuildPhase;
			buildActionMask = 2147483647;
			files = (
			);
			inputFileListPaths = (
				"${PODS_ROOT}/Target Support Files/Pods-absavage-ios/Pods-absavage-ios-frameworks-${CONFIGURATION}-input-files.xcfilelist",
			);
			name = "[CP] Embed Pods Frameworks";
			outputFileListPaths = (
				"${PODS_ROOT}/Target Support Files/Pods-absavage-ios/Pods-absavage-ios-frameworks-${CONFIGURATION}-output-files.xcfilelist",
			);
			runOnlyForDeploymentPostprocessing = 0;
			shellPath = /bin/sh;
			shellScript = "\"${PODS_ROOT}/Target Support Files/Pods-absavage-ios/Pods-absavage-ios-frameworks.sh\"\n";
			showEnvVarsInLog = 0;
		};
/* End PBXShellScriptBuildPhase section */

/* Begin PBXSourcesBuildPhase section */
		A5CF0BC229312F8D005F5B62 /* Sources */ = {
			isa = PBXSourcesBuildPhase;
			buildActionMask = 2147483647;
			files = (
				A5CF0BE5293142C6005F5B62 /* Extension+UIFont.swift in Sources */,
				A5CF0BFA2931DFF1005F5B62 /* SubscriptionViewController.swift in Sources */,
				A5CF0BFF293215F2005F5B62 /* Subscription.swift in Sources */,
				A5CF0BE129313519005F5B62 /* LoginViewController.swift in Sources */,
				A5D8690429322F2B00D52578 /* SubscribedViewController.swift in Sources */,
				A5CF0BCE29312F8D005F5B62 /* ViewController.swift in Sources */,
				A5CF0BF02931D1F2005F5B62 /* RegisterViewController.swift in Sources */,
				A5CF0C0329321888005F5B62 /* subscriptionTableViewCell.swift in Sources */,
				A5CF0BCA29312F8D005F5B62 /* AppDelegate.swift in Sources */,
				A5CF0BCC29312F8D005F5B62 /* SceneDelegate.swift in Sources */,
			);
			runOnlyForDeploymentPostprocessing = 0;
		};
/* End PBXSourcesBuildPhase section */

/* Begin PBXVariantGroup section */
		A5CF0BD429312F8E005F5B62 /* LaunchScreen.storyboard */ = {
			isa = PBXVariantGroup;
			children = (
				A5CF0BD529312F8E005F5B62 /* Base */,
			);
			name = LaunchScreen.storyboard;
			sourceTree = "<group>";
		};
/* End PBXVariantGroup section */

/* Begin XCBuildConfiguration section */
		A5CF0BD829312F8E005F5B62 /* Debug */ = {
			isa = XCBuildConfiguration;
			buildSettings = {
				ALWAYS_SEARCH_USER_PATHS = NO;
				CLANG_ANALYZER_NONNULL = YES;
				CLANG_ANALYZER_NUMBER_OBJECT_CONVERSION = YES_AGGRESSIVE;
				CLANG_CXX_LANGUAGE_STANDARD = "gnu++17";
				CLANG_ENABLE_MODULES = YES;
				CLANG_ENABLE_OBJC_ARC = YES;
				CLANG_ENABLE_OBJC_WEAK = YES;
				CLANG_WARN_BLOCK_CAPTURE_AUTORELEASING = YES;
				CLANG_WARN_BOOL_CONVERSION = YES;
				CLANG_WARN_COMMA = YES;
				CLANG_WARN_CONSTANT_CONVERSION = YES;
				CLANG_WARN_DEPRECATED_OBJC_IMPLEMENTATIONS = YES;
				CLANG_WARN_DIRECT_OBJC_ISA_USAGE = YES_ERROR;
				CLANG_WARN_DOCUMENTATION_COMMENTS = YES;
				CLANG_WARN_EMPTY_BODY = YES;
				CLANG_WARN_ENUM_CONVERSION = YES;
				CLANG_WARN_INFINITE_RECURSION = YES;
				CLANG_WARN_INT_CONVERSION = YES;
				CLANG_WARN_NON_LITERAL_NULL_CONVERSION = YES;
				CLANG_WARN_OBJC_IMPLICIT_RETAIN_SELF = YES;
				CLANG_WARN_OBJC_LITERAL_CONVERSION = YES;
				CLANG_WARN_OBJC_ROOT_CLASS = YES_ERROR;
				CLANG_WARN_QUOTED_INCLUDE_IN_FRAMEWORK_HEADER = YES;
				CLANG_WARN_RANGE_LOOP_ANALYSIS = YES;
				CLANG_WARN_STRICT_PROTOTYPES = YES;
				CLANG_WARN_SUSPICIOUS_MOVE = YES;
				CLANG_WARN_UNGUARDED_AVAILABILITY = YES_AGGRESSIVE;
				CLANG_WARN_UNREACHABLE_CODE = YES;
				CLANG_WARN__DUPLICATE_METHOD_MATCH = YES;
				COPY_PHASE_STRIP = NO;
				DEBUG_INFORMATION_FORMAT = dwarf;
				ENABLE_STRICT_OBJC_MSGSEND = YES;
				ENABLE_TESTABILITY = YES;
				GCC_C_LANGUAGE_STANDARD = gnu11;
				GCC_DYNAMIC_NO_PIC = NO;
				GCC_NO_COMMON_BLOCKS = YES;
				GCC_OPTIMIZATION_LEVEL = 0;
				GCC_PREPROCESSOR_DEFINITIONS = (
					"DEBUG=1",
					"$(inherited)",
				);
				GCC_WARN_64_TO_32_BIT_CONVERSION = YES;
				GCC_WARN_ABOUT_RETURN_TYPE = YES_ERROR;
				GCC_WARN_UNDECLARED_SELECTOR = YES;
				GCC_WARN_UNINITIALIZED_AUTOS = YES_AGGRESSIVE;
				GCC_WARN_UNUSED_FUNCTION = YES;
				GCC_WARN_UNUSED_VARIABLE = YES;
				IPHONEOS_DEPLOYMENT_TARGET = 15.5;
				MTL_ENABLE_DEBUG_INFO = INCLUDE_SOURCE;
				MTL_FAST_MATH = YES;
				ONLY_ACTIVE_ARCH = YES;
				SDKROOT = iphoneos;
				SWIFT_ACTIVE_COMPILATION_CONDITIONS = DEBUG;
				SWIFT_OPTIMIZATION_LEVEL = "-Onone";
			};
			name = Debug;
		};
		A5CF0BD929312F8E005F5B62 /* Release */ = {
			isa = XCBuildConfiguration;
			buildSettings = {
				ALWAYS_SEARCH_USER_PATHS = NO;
				CLANG_ANALYZER_NONNULL = YES;
				CLANG_ANALYZER_NUMBER_OBJECT_CONVERSION = YES_AGGRESSIVE;
				CLANG_CXX_LANGUAGE_STANDARD = "gnu++17";
				CLANG_ENABLE_MODULES = YES;
				CLANG_ENABLE_OBJC_ARC = YES;
				CLANG_ENABLE_OBJC_WEAK = YES;
				CLANG_WARN_BLOCK_CAPTURE_AUTORELEASING = YES;
				CLANG_WARN_BOOL_CONVERSION = YES;
				CLANG_WARN_COMMA = YES;
				CLANG_WARN_CONSTANT_CONVERSION = YES;
				CLANG_WARN_DEPRECATED_OBJC_IMPLEMENTATIONS = YES;
				CLANG_WARN_DIRECT_OBJC_ISA_USAGE = YES_ERROR;
				CLANG_WARN_DOCUMENTATION_COMMENTS = YES;
				CLANG_WARN_EMPTY_BODY = YES;
				CLANG_WARN_ENUM_CONVERSION = YES;
				CLANG_WARN_INFINITE_RECURSION = YES;
				CLANG_WARN_INT_CONVERSION = YES;
				CLANG_WARN_NON_LITERAL_NULL_CONVERSION = YES;
				CLANG_WARN_OBJC_IMPLICIT_RETAIN_SELF = YES;
				CLANG_WARN_OBJC_LITERAL_CONVERSION = YES;
				CLANG_WARN_OBJC_ROOT_CLASS = YES_ERROR;
				CLANG_WARN_QUOTED_INCLUDE_IN_FRAMEWORK_HEADER = YES;
				CLANG_WARN_RANGE_LOOP_ANALYSIS = YES;
				CLANG_WARN_STRICT_PROTOTYPES = YES;
				CLANG_WARN_SUSPICIOUS_MOVE = YES;
				CLANG_WARN_UNGUARDED_AVAILABILITY = YES_AGGRESSIVE;
				CLANG_WARN_UNREACHABLE_CODE = YES;
				CLANG_WARN__DUPLICATE_METHOD_MATCH = YES;
				COPY_PHASE_STRIP = NO;
				DEBUG_INFORMATION_FORMAT = "dwarf-with-dsym";
				ENABLE_NS_ASSERTIONS = NO;
				ENABLE_STRICT_OBJC_MSGSEND = YES;
				GCC_C_LANGUAGE_STANDARD = gnu11;
				GCC_NO_COMMON_BLOCKS = YES;
				GCC_WARN_64_TO_32_BIT_CONVERSION = YES;
				GCC_WARN_ABOUT_RETURN_TYPE = YES_ERROR;
				GCC_WARN_UNDECLARED_SELECTOR = YES;
				GCC_WARN_UNINITIALIZED_AUTOS = YES_AGGRESSIVE;
				GCC_WARN_UNUSED_FUNCTION = YES;
				GCC_WARN_UNUSED_VARIABLE = YES;
				IPHONEOS_DEPLOYMENT_TARGET = 15.5;
				MTL_ENABLE_DEBUG_INFO = NO;
				MTL_FAST_MATH = YES;
				SDKROOT = iphoneos;
				SWIFT_COMPILATION_MODE = wholemodule;
				SWIFT_OPTIMIZATION_LEVEL = "-O";
				VALIDATE_PRODUCT = YES;
			};
			name = Release;
		};
		A5CF0BDB29312F8E005F5B62 /* Debug */ = {
			isa = XCBuildConfiguration;
			baseConfigurationReference = 34A7C5ABF14FA145637749AB /* Pods-absavage-ios.debug.xcconfig */;
			buildSettings = {
				ASSETCATALOG_COMPILER_APPICON_NAME = AppIcon;
				ASSETCATALOG_COMPILER_GLOBAL_ACCENT_COLOR_NAME = AccentColor;
				CODE_SIGN_STYLE = Automatic;
				CURRENT_PROJECT_VERSION = 1;
				DEVELOPMENT_TEAM = LR9373A784;
				GENERATE_INFOPLIST_FILE = YES;
				INFOPLIST_FILE = "absavage-ios/Info.plist";
				INFOPLIST_KEY_CFBundleDisplayName = Absavage;
				INFOPLIST_KEY_UIApplicationSupportsIndirectInputEvents = YES;
				INFOPLIST_KEY_UILaunchStoryboardName = LaunchScreen;
				INFOPLIST_KEY_UISupportedInterfaceOrientations_iPad = "UIInterfaceOrientationPortrait UIInterfaceOrientationPortraitUpsideDown UIInterfaceOrientationLandscapeLeft UIInterfaceOrientationLandscapeRight";
				INFOPLIST_KEY_UISupportedInterfaceOrientations_iPhone = "UIInterfaceOrientationPortrait UIInterfaceOrientationLandscapeLeft UIInterfaceOrientationLandscapeRight";
				IPHONEOS_DEPLOYMENT_TARGET = 13.0;
				LD_RUNPATH_SEARCH_PATHS = (
					"$(inherited)",
					"@executable_path/Frameworks",
				);
				MARKETING_VERSION = 1.0;
				PRODUCT_BUNDLE_IDENTIFIER = "Absavage.absavage-ios.beta";
				PRODUCT_NAME = "$(TARGET_NAME)";
				SWIFT_EMIT_LOC_STRINGS = YES;
				SWIFT_VERSION = 5.0;
				TARGETED_DEVICE_FAMILY = 1;
			};
			name = Debug;
		};
		A5CF0BDC29312F8E005F5B62 /* Release */ = {
			isa = XCBuildConfiguration;
			baseConfigurationReference = 618C074AE9614301C443998A /* Pods-absavage-ios.release.xcconfig */;
			buildSettings = {
				ASSETCATALOG_COMPILER_APPICON_NAME = AppIcon;
				ASSETCATALOG_COMPILER_GLOBAL_ACCENT_COLOR_NAME = AccentColor;
				CODE_SIGN_STYLE = Automatic;
				CURRENT_PROJECT_VERSION = 1;
				DEVELOPMENT_TEAM = LR9373A784;
				GENERATE_INFOPLIST_FILE = YES;
				INFOPLIST_FILE = "absavage-ios/Info.plist";
				INFOPLIST_KEY_CFBundleDisplayName = Absavage;
				INFOPLIST_KEY_UIApplicationSupportsIndirectInputEvents = YES;
				INFOPLIST_KEY_UILaunchStoryboardName = LaunchScreen;
				INFOPLIST_KEY_UISupportedInterfaceOrientations_iPad = "UIInterfaceOrientationPortrait UIInterfaceOrientationPortraitUpsideDown UIInterfaceOrientationLandscapeLeft UIInterfaceOrientationLandscapeRight";
				INFOPLIST_KEY_UISupportedInterfaceOrientations_iPhone = "UIInterfaceOrientationPortrait UIInterfaceOrientationLandscapeLeft UIInterfaceOrientationLandscapeRight";
				IPHONEOS_DEPLOYMENT_TARGET = 13.0;
				LD_RUNPATH_SEARCH_PATHS = (
					"$(inherited)",
					"@executable_path/Frameworks",
				);
				MARKETING_VERSION = 1.0;
				PRODUCT_BUNDLE_IDENTIFIER = "Absavage.absavage-ios.beta";
				PRODUCT_NAME = "$(TARGET_NAME)";
				SWIFT_EMIT_LOC_STRINGS = YES;
				SWIFT_VERSION = 5.0;
				TARGETED_DEVICE_FAMILY = 1;
			};
			name = Release;
		};
/* End XCBuildConfiguration section */

/* Begin XCConfigurationList section */
		A5CF0BC129312F8D005F5B62 /* Build configuration list for PBXProject "absavage-ios" */ = {
			isa = XCConfigurationList;
			buildConfigurations = (
				A5CF0BD829312F8E005F5B62 /* Debug */,
				A5CF0BD929312F8E005F5B62 /* Release */,
			);
			defaultConfigurationIsVisible = 0;
			defaultConfigurationName = Release;
		};
		A5CF0BDA29312F8E005F5B62 /* Build configuration list for PBXNativeTarget "absavage-ios" */ = {
			isa = XCConfigurationList;
			buildConfigurations = (
				A5CF0BDB29312F8E005F5B62 /* Debug */,
				A5CF0BDC29312F8E005F5B62 /* Release */,
			);
			defaultConfigurationIsVisible = 0;
			defaultConfigurationName = Release;
		};
/* End XCConfigurationList section */
	};
	rootObject = A5CF0BBE29312F8D005F5B62 /* Project object */;
}
